
Microsoft Visual Studio Solution File, Format Version 12.00
# Visual Studio Version 17
VisualStudioVersion = 17.6.33829.357
MinimumVisualStudioVersion = 10.0.40219.1
Project("{9A19103F-16F7-4668-BE54-9A1E7A4F7556}") = "dbc_Dave", "dbc_Dave\dbc_Dave.csproj", "{B4495220-96AD-4BF0-980D-5DC8620E78AA}"
EndProject
Project("{2150E333-8FDC-42A3-9474-1A3956D46DE8}") = "Solution Items", "Solution Items", "{95C350D5-2465-4F43-8760-872F8AF1B11D}"
	ProjectSection(SolutionItems) = preProject
		dbc_Dave\wwwroot\blog-details.html = dbc_Dave\wwwroot\blog-details.html
		dbc_Dave\wwwroot\blog.html = dbc_Dave\wwwroot\blog.html
		dbc_Dave\wwwroot\favicon.ico = dbc_Dave\wwwroot\favicon.ico
		dbc_Dave\wwwroot\index-2.html = dbc_Dave\wwwroot\index-2.html
		dbc_Dave\wwwroot\index-3.html = dbc_Dave\wwwroot\index-3.html
		dbc_Dave\wwwroot\index-4.html = dbc_Dave\wwwroot\index-4.html
		dbc_Dave\wwwroot\index.html = dbc_Dave\wwwroot\index.html
		dbc_Dave\wwwroot\inner-page.html = dbc_Dave\wwwroot\inner-page.html
		dbc_Dave\wwwroot\portfolio-details.html = dbc_Dave\wwwroot\portfolio-details.html
	EndProjectSection
EndProject
Global
	GlobalSection(SolutionConfigurationPlatforms) = preSolution
		Debug|Any CPU = Debug|Any CPU
		Release|Any CPU = Release|Any CPU
	EndGlobalSection
	GlobalSection(ProjectConfigurationPlatforms) = postSolution
		{B4495220-96AD-4BF0-980D-5DC8620E78AA}.Debug|Any CPU.ActiveCfg = Debug|Any CPU
		{B4495220-96AD-4BF0-980D-5DC8620E78AA}.Debug|Any CPU.Build.0 = Debug|Any CPU
		{B4495220-96AD-4BF0-980D-5DC8620E78AA}.Release|Any CPU.ActiveCfg = Release|Any CPU
		{B4495220-96AD-4BF0-980D-5DC8620E78AA}.Release|Any CPU.Build.0 = Release|Any CPU
	EndGlobalSection
	GlobalSection(SolutionProperties) = preSolution
		HideSolutionNode = FALSE
	EndGlobalSection
	GlobalSection(ExtensibilityGlobals) = postSolution
		SolutionGuid = {19D615C8-CD29-4743-8358-6BA189B5996A}
	EndGlobalSection
EndGlobal
